
Microsoft Visual Studio Solution File, Format Version 12.00
# Visual Studio 14
VisualStudioVersion = 14.0.25420.1
MinimumVisualStudioVersion = 10.0.40219.1
Project("{FAE04EC0-301F-11D3-BF4B-00C04F79EFBC}") = "LawnMowers.App", "LawnMowers.App\LawnMowers.App.csproj", "{66C01D5E-3097-45F3-8F3B-582BAF6D4ECE}"
EndProject
Project("{FAE04EC0-301F-11D3-BF4B-00C04F79EFBC}") = "LawnMowers.Tests", "LawnMowers.Tests\LawnMowers.Tests.csproj", "{3437E081-DB22-4A5E-92B6-5E75CC989FD3}"
EndProject
Global
	GlobalSection(SolutionConfigurationPlatforms) = preSolution
		Debug|Any CPU = Debug|Any CPU
		Release|Any CPU = Release|Any CPU
	EndGlobalSection
	GlobalSection(ProjectConfigurationPlatforms) = postSolution
		{66C01D5E-3097-45F3-8F3B-582BAF6D4ECE}.Debug|Any CPU.ActiveCfg = Debug|Any CPU
		{66C01D5E-3097-45F3-8F3B-582BAF6D4ECE}.Debug|Any CPU.Build.0 = Debug|Any CPU
		{66C01D5E-3097-45F3-8F3B-582BAF6D4ECE}.Release|Any CPU.ActiveCfg = Release|Any CPU
		{66C01D5E-3097-45F3-8F3B-582BAF6D4ECE}.Release|Any CPU.Build.0 = Release|Any CPU
		{3437E081-DB22-4A5E-92B6-5E75CC989FD3}.Debug|Any CPU.ActiveCfg = Debug|Any CPU
		{3437E081-DB22-4A5E-92B6-5E75CC989FD3}.Debug|Any CPU.Build.0 = Debug|Any CPU
		{3437E081-DB22-4A5E-92B6-5E75CC989FD3}.Release|Any CPU.ActiveCfg = Release|Any CPU
		{3437E081-DB22-4A5E-92B6-5E75CC989FD3}.Release|Any CPU.Build.0 = Release|Any CPU
	EndGlobalSection
	GlobalSection(SolutionProperties) = preSolution
		HideSolutionNode = FALSE
	EndGlobalSection
EndGlobal
